
Microsoft Visual Studio Solution File, Format Version 12.00
# Visual Studio Version 17
VisualStudioVersion = 17.8.34408.163
MinimumVisualStudioVersion = 10.0.40219.1
Project("{9A19103F-16F7-4668-BE54-9A1E7A4F7556}") = "API_Backend", "API_Backend\API_Backend.csproj", "{FCEC90E1-F272-4E4A-9A1D-B30688E8B1A6}"
EndProject
Project("{FAE04EC0-301F-11D3-BF4B-00C04F79EFBC}") = "Biblioteca", "Biblioteca\Biblioteca.csproj", "{A0A0DD15-FCB1-4FD3-81A2-833E0EA2EA29}"
EndProject
Project("{FAE04EC0-301F-11D3-BF4B-00C04F79EFBC}") = "Pruebas", "Pruebas\Pruebas.csproj", "{B43CEA8B-2F02-4169-BB19-C5D3CBCAC679}"
EndProject
Global
	GlobalSection(SolutionConfigurationPlatforms) = preSolution
		Debug|Any CPU = Debug|Any CPU
		Debug|ARM = Debug|ARM
		Debug|ARM64 = Debug|ARM64
		Debug|x64 = Debug|x64
		Debug|x86 = Debug|x86
		Release|Any CPU = Release|Any CPU
		Release|ARM = Release|ARM
		Release|ARM64 = Release|ARM64
		Release|x64 = Release|x64
		Release|x86 = Release|x86
	EndGlobalSection
	GlobalSection(ProjectConfigurationPlatforms) = postSolution
		{FCEC90E1-F272-4E4A-9A1D-B30688E8B1A6}.Debug|Any CPU.ActiveCfg = Debug|Any CPU
		{FCEC90E1-F272-4E4A-9A1D-B30688E8B1A6}.Debug|Any CPU.Build.0 = Debug|Any CPU
		{FCEC90E1-F272-4E4A-9A1D-B30688E8B1A6}.Debug|ARM.ActiveCfg = Debug|Any CPU
		{FCEC90E1-F272-4E4A-9A1D-B30688E8B1A6}.Debug|ARM.Build.0 = Debug|Any CPU
		{FCEC90E1-F272-4E4A-9A1D-B30688E8B1A6}.Debug|ARM64.ActiveCfg = Debug|Any CPU
		{FCEC90E1-F272-4E4A-9A1D-B30688E8B1A6}.Debug|ARM64.Build.0 = Debug|Any CPU
		{FCEC90E1-F272-4E4A-9A1D-B30688E8B1A6}.Debug|x64.ActiveCfg = Debug|Any CPU
		{FCEC90E1-F272-4E4A-9A1D-B30688E8B1A6}.Debug|x64.Build.0 = Debug|Any CPU
		{FCEC90E1-F272-4E4A-9A1D-B30688E8B1A6}.Debug|x86.ActiveCfg = Debug|Any CPU
		{FCEC90E1-F272-4E4A-9A1D-B30688E8B1A6}.Debug|x86.Build.0 = Debug|Any CPU
		{FCEC90E1-F272-4E4A-9A1D-B30688E8B1A6}.Release|Any CPU.ActiveCfg = Release|Any CPU
		{FCEC90E1-F272-4E4A-9A1D-B30688E8B1A6}.Release|Any CPU.Build.0 = Release|Any CPU
		{FCEC90E1-F272-4E4A-9A1D-B30688E8B1A6}.Release|ARM.ActiveCfg = Release|Any CPU
		{FCEC90E1-F272-4E4A-9A1D-B30688E8B1A6}.Release|ARM.Build.0 = Release|Any CPU
		{FCEC90E1-F272-4E4A-9A1D-B30688E8B1A6}.Release|ARM64.ActiveCfg = Release|Any CPU
		{FCEC90E1-F272-4E4A-9A1D-B30688E8B1A6}.Release|ARM64.Build.0 = Release|Any CPU
		{FCEC90E1-F272-4E4A-9A1D-B30688E8B1A6}.Release|x64.ActiveCfg = Release|Any CPU
		{FCEC90E1-F272-4E4A-9A1D-B30688E8B1A6}.Release|x64.Build.0 = Release|Any CPU
		{FCEC90E1-F272-4E4A-9A1D-B30688E8B1A6}.Release|x86.ActiveCfg = Release|Any CPU
		{FCEC90E1-F272-4E4A-9A1D-B30688E8B1A6}.Release|x86.Build.0 = Release|Any CPU
		{A0A0DD15-FCB1-4FD3-81A2-833E0EA2EA29}.Debug|Any CPU.ActiveCfg = Debug|Any CPU
		{A0A0DD15-FCB1-4FD3-81A2-833E0EA2EA29}.Debug|Any CPU.Build.0 = Debug|Any CPU
		{A0A0DD15-FCB1-4FD3-81A2-833E0EA2EA29}.Debug|ARM.ActiveCfg = Debug|Any CPU
		{A0A0DD15-FCB1-4FD3-81A2-833E0EA2EA29}.Debug|ARM.Build.0 = Debug|Any CPU
		{A0A0DD15-FCB1-4FD3-81A2-833E0EA2EA29}.Debug|ARM64.ActiveCfg = Debug|Any CPU
		{A0A0DD15-FCB1-4FD3-81A2-833E0EA2EA29}.Debug|ARM64.Build.0 = Debug|Any CPU
		{A0A0DD15-FCB1-4FD3-81A2-833E0EA2EA29}.Debug|x64.ActiveCfg = Debug|Any CPU
		{A0A0DD15-FCB1-4FD3-81A2-833E0EA2EA29}.Debug|x64.Build.0 = Debug|Any CPU
		{A0A0DD15-FCB1-4FD3-81A2-833E0EA2EA29}.Debug|x86.ActiveCfg = Debug|Any CPU
		{A0A0DD15-FCB1-4FD3-81A2-833E0EA2EA29}.Debug|x86.Build.0 = Debug|Any CPU
		{A0A0DD15-FCB1-4FD3-81A2-833E0EA2EA29}.Release|Any CPU.ActiveCfg = Release|Any CPU
		{A0A0DD15-FCB1-4FD3-81A2-833E0EA2EA29}.Release|Any CPU.Build.0 = Release|Any CPU
		{A0A0DD15-FCB1-4FD3-81A2-833E0EA2EA29}.Release|ARM.ActiveCfg = Release|Any CPU
		{A0A0DD15-FCB1-4FD3-81A2-833E0EA2EA29}.Release|ARM.Build.0 = Release|Any CPU
		{A0A0DD15-FCB1-4FD3-81A2-833E0EA2EA29}.Release|ARM64.ActiveCfg = Release|Any CPU
		{A0A0DD15-FCB1-4FD3-81A2-833E0EA2EA29}.Release|ARM64.Build.0 = Release|Any CPU
		{A0A0DD15-FCB1-4FD3-81A2-833E0EA2EA29}.Release|x64.ActiveCfg = Release|Any CPU
		{A0A0DD15-FCB1-4FD3-81A2-833E0EA2EA29}.Release|x64.Build.0 = Release|Any CPU
		{A0A0DD15-FCB1-4FD3-81A2-833E0EA2EA29}.Release|x86.ActiveCfg = Release|Any CPU
		{A0A0DD15-FCB1-4FD3-81A2-833E0EA2EA29}.Release|x86.Build.0 = Release|Any CPU
		{B43CEA8B-2F02-4169-BB19-C5D3CBCAC679}.Debug|Any CPU.ActiveCfg = Debug|Any CPU
		{B43CEA8B-2F02-4169-BB19-C5D3CBCAC679}.Debug|Any CPU.Build.0 = Debug|Any CPU
		{B43CEA8B-2F02-4169-BB19-C5D3CBCAC679}.Debug|ARM.ActiveCfg = Debug|Any CPU
		{B43CEA8B-2F02-4169-BB19-C5D3CBCAC679}.Debug|ARM.Build.0 = Debug|Any CPU
		{B43CEA8B-2F02-4169-BB19-C5D3CBCAC679}.Debug|ARM64.ActiveCfg = Debug|Any CPU
		{B43CEA8B-2F02-4169-BB19-C5D3CBCAC679}.Debug|ARM64.Build.0 = Debug|Any CPU
		{B43CEA8B-2F02-4169-BB19-C5D3CBCAC679}.Debug|x64.ActiveCfg = Debug|Any CPU
		{B43CEA8B-2F02-4169-BB19-C5D3CBCAC679}.Debug|x64.Build.0 = Debug|Any CPU
		{B43CEA8B-2F02-4169-BB19-C5D3CBCAC679}.Debug|x86.ActiveCfg = Debug|Any CPU
		{B43CEA8B-2F02-4169-BB19-C5D3CBCAC679}.Debug|x86.Build.0 = Debug|Any CPU
		{B43CEA8B-2F02-4169-BB19-C5D3CBCAC679}.Release|Any CPU.ActiveCfg = Release|Any CPU
		{B43CEA8B-2F02-4169-BB19-C5D3CBCAC679}.Release|Any CPU.Build.0 = Release|Any CPU
		{B43CEA8B-2F02-4169-BB19-C5D3CBCAC679}.Release|ARM.ActiveCfg = Release|Any CPU
		{B43CEA8B-2F02-4169-BB19-C5D3CBCAC679}.Release|ARM.Build.0 = Release|Any CPU
		{B43CEA8B-2F02-4169-BB19-C5D3CBCAC679}.Release|ARM64.ActiveCfg = Release|Any CPU
		{B43CEA8B-2F02-4169-BB19-C5D3CBCAC679}.Release|ARM64.Build.0 = Release|Any CPU
		{B43CEA8B-2F02-4169-BB19-C5D3CBCAC679}.Release|x64.ActiveCfg = Release|Any CPU
		{B43CEA8B-2F02-4169-BB19-C5D3CBCAC679}.Release|x64.Build.0 = Release|Any CPU
		{B43CEA8B-2F02-4169-BB19-C5D3CBCAC679}.Release|x86.ActiveCfg = Release|Any CPU
		{B43CEA8B-2F02-4169-BB19-C5D3CBCAC679}.Release|x86.Build.0 = Release|Any CPU
	EndGlobalSection
	GlobalSection(SolutionProperties) = preSolution
		HideSolutionNode = FALSE
	EndGlobalSection
	GlobalSection(ExtensibilityGlobals) = postSolution
		SolutionGuid = {A0D9DE6F-CA85-489E-B39C-D291AE71A889}
	EndGlobalSection
EndGlobal
